# THIS IS AN AUTOGENERATED FILE. DO NOT EDIT THIS FILE DIRECTLY.
# yarn lockfile v1


"@axe-core/playwright@4.13.0":
  version "4.13.0"
  resolved "https://registry.yarnpkg.com/@axe-core/playwright/-/playwright-4.13.0.tgz#4826467c9622df26f0d75b4c1747c8d92ee599de"
  integrity sha512-6YLx+kxXu5GJceG4ozFg+33a2EMTdjYwWGloJ3sb9Kta5pp+ZNS53uxGVog5JetIY8s++P5UrtX+cri+u0VAVg==
  dependencies:
    axe-core "~4.13.0"

"@playwright/test@1.62.1":
  version "1.62.1"
  resolved "https://registry.yarnpkg.com/@playwright/test/-/test-1.62.1.tgz#68e1aaf6e480e1923936dee6c66fae1921d3a65a"
  integrity sha512-DTcUc8qii+cpHvtOwggMtBRMjKZHXYWdw8syRYu2vtzuq4Wxphqq4NfCs5Zt44L6mA8rfDfj+PHnxFc/FeK6mQ==
  dependencies:
    playwright "1.62.1"

axe-core@~4.13.0:
  version "4.13.0"
  resolved "https://registry.yarnpkg.com/axe-core/-/axe-core-4.13.0.tgz#f868ecb1bd61d982321760e51d841ab497ab86d0"
  integrity sha512-UzGt8zg7Ny8djbYMhxl2zuEevVa7r2gJjYY5Lwr1xM7+XU2nd6CkIWFTVcCIbAP63vSz71NaVyyuSk9lHKcy0A==

fsevents@2.3.2:
  version "2.3.2"
  resolved "https://registry.yarnpkg.com/fsevents/-/fsevents-2.3.2.tgz#8a526f78b8fdf4623b709e0b975c52c24c02fd1a"
  integrity sha512-xiqMQR4xAeHTuB9uWm+fFRcIOgKBMiOBP+eXiyT7jsgVCq1bkVygt00oASowB7EdtpOHaaPgKt812P9ab+DDKA==

playwright-core@1.62.1:
  version "1.62.1"
  resolved "https://registry.yarnpkg.com/playwright-core/-/playwright-core-1.62.1.tgz#120f67a19181bfd183c60fa903c0d99330b56785"
  integrity sha512-wPYSwEBJY9GHraISXqyqtx0na0LpO3XEX7jNDhntbex7tzUS7kLnZsOlFruFJB4Hi/rhDMjXGqHewDZ68nYZVw==

playwright@1.62.1:
  version "1.62.1"
  resolved "https://registry.yarnpkg.com/playwright/-/playwright-1.62.1.tgz#8447b6755e8aec85a3cb7207c823e3ed2fc66700"
  integrity sha512-0M+L3LAD8/nm554LOla9Ayx0j0tmFZ0FBcoQ7F1VuVHpM/XpiC8RcDzBQB8W5+hA8L22THxELzeF+2WcUzvcLg==
  dependencies:
    playwright-core "1.62.1"
  optionalDependencies:
    fsevents "2.3.2"
