# THIS IS AN AUTOGENERATED FILE. DO NOT EDIT THIS FILE DIRECTLY.
# yarn lockfile v1


"@axe-core/playwright@4.13.0":
  version "4.13.0"
  resolved "https://registry.npmjs.org/@axe-core/playwright/-/playwright-4.13.0.tgz"
  integrity sha512-6YLx+kxXu5GJceG4ozFg+33a2EMTdjYwWGloJ3sb9Kta5pp+ZNS53uxGVog5JetIY8s++P5UrtX+cri+u0VAVg==
  dependencies:
    axe-core "~4.13.0"

"@playwright/test@1.63.0":
  version "1.63.0"
  resolved "https://registry.yarnpkg.com/@playwright/test/-/test-1.63.0.tgz#808020c46e8b6b91f9d628cd0ebcbb32bdfd8b6c"
  integrity sha512-oxMK4vllB9RK5NQ2l1pq1IfOf2AvnEuj/vYGDj0H2nMtmtZpKtCwt/l00GEO6xjGfpBNAvjovvYdCm50dRQkpQ==
  dependencies:
    playwright "1.63.0"

"@simple-prism/core@^0.1.4":
  version "0.1.4"
  resolved "https://registry.npmjs.org/@simple-prism/core/-/core-0.1.4.tgz"
  integrity sha512-tI+qouoA+DZpoD6b1aRJEIFsLj38uFlgnc1mK50a7Ir3cw71l3DPD+djQ7AiEgyPj2HAbiD+Nde+DSt+ckwH1g==
  dependencies:
    culori "^4.0.2"

axe-core@~4.13.0:
  version "4.13.0"
  resolved "https://registry.npmjs.org/axe-core/-/axe-core-4.13.0.tgz"
  integrity sha512-UzGt8zg7Ny8djbYMhxl2zuEevVa7r2gJjYY5Lwr1xM7+XU2nd6CkIWFTVcCIbAP63vSz71NaVyyuSk9lHKcy0A==

culori@^4.0.2:
  version "4.0.2"
  resolved "https://registry.npmjs.org/culori/-/culori-4.0.2.tgz"
  integrity sha512-1+BhOB8ahCn4O0cep0Sh2l9KCOfOdY+BXJnKMHFFzDEouSr/el18QwXEMRlOj9UY5nCeA8UN3a/82rUWRBeyBw==

playwright-core@1.62.1:
  version "1.62.1"
  resolved "https://registry.npmjs.org/playwright-core/-/playwright-core-1.62.1.tgz"
  integrity sha512-wPYSwEBJY9GHraISXqyqtx0na0LpO3XEX7jNDhntbex7tzUS7kLnZsOlFruFJB4Hi/rhDMjXGqHewDZ68nYZVw==

playwright-core@1.63.0:
  version "1.63.0"
  resolved "https://registry.yarnpkg.com/playwright-core/-/playwright-core-1.63.0.tgz#e57665bc32846c213ac39a1e4d5bc6228e76b376"
  integrity sha512-rYCsBF/M5HjUch52bbtVONEFjv6Xu8sm8h72dNlR5bzIE1fvC/bxgspzkjSfU+MweEMmPM8KJebG6nnyxo5mCg==

playwright@1.63.0:
  version "1.63.0"
  resolved "https://registry.yarnpkg.com/playwright/-/playwright-1.63.0.tgz#99b56f9f69b1b70c44f00bf84b2fe52348ae2511"
  integrity sha512-+7ziBLidS4NaNCdt57SUDT+wYmmd5fmiQejUic/kb+YsYSCPyOOE9sebzMjNmQrsnNpDJqd4WHvV/8lfKfUDUg==
  dependencies:
    playwright-core "1.63.0"
