# THIS IS AN AUTOGENERATED FILE. DO NOT EDIT THIS FILE DIRECTLY.
# yarn lockfile v1


"@axe-core/playwright@4.13.0":
  version "4.13.0"
  resolved "https://registry.npmjs.org/@axe-core/playwright/-/playwright-4.13.0.tgz"
  integrity sha512-6YLx+kxXu5GJceG4ozFg+33a2EMTdjYwWGloJ3sb9Kta5pp+ZNS53uxGVog5JetIY8s++P5UrtX+cri+u0VAVg==
  dependencies:
    axe-core "~4.13.0"

"@playwright/test@1.62.1":
  version "1.62.1"
  resolved "https://registry.npmjs.org/@playwright/test/-/test-1.62.1.tgz"
  integrity sha512-DTcUc8qii+cpHvtOwggMtBRMjKZHXYWdw8syRYu2vtzuq4Wxphqq4NfCs5Zt44L6mA8rfDfj+PHnxFc/FeK6mQ==
  dependencies:
    playwright "1.62.1"

"@simple-prism/core@^0.1.4":
  version "0.1.4"
  resolved "https://registry.npmjs.org/@simple-prism/core/-/core-0.1.4.tgz"
  integrity sha512-tI+qouoA+DZpoD6b1aRJEIFsLj38uFlgnc1mK50a7Ir3cw71l3DPD+djQ7AiEgyPj2HAbiD+Nde+DSt+ckwH1g==
  dependencies:
    culori "^4.0.2"

axe-core@~4.13.0:
  version "4.13.0"
  resolved "https://registry.npmjs.org/axe-core/-/axe-core-4.13.0.tgz"
  integrity sha512-UzGt8zg7Ny8djbYMhxl2zuEevVa7r2gJjYY5Lwr1xM7+XU2nd6CkIWFTVcCIbAP63vSz71NaVyyuSk9lHKcy0A==

culori@^4.0.2:
  version "4.0.2"
  resolved "https://registry.npmjs.org/culori/-/culori-4.0.2.tgz"
  integrity sha512-1+BhOB8ahCn4O0cep0Sh2l9KCOfOdY+BXJnKMHFFzDEouSr/el18QwXEMRlOj9UY5nCeA8UN3a/82rUWRBeyBw==

fsevents@2.3.2:
  version "2.3.2"
  resolved "https://registry.yarnpkg.com/fsevents/-/fsevents-2.3.2.tgz#8a526f78b8fdf4623b709e0b975c52c24c02fd1a"
  integrity sha512-xiqMQR4xAeHTuB9uWm+fFRcIOgKBMiOBP+eXiyT7jsgVCq1bkVygt00oASowB7EdtpOHaaPgKt812P9ab+DDKA==

playwright-core@1.62.1:
  version "1.62.1"
  resolved "https://registry.npmjs.org/playwright-core/-/playwright-core-1.62.1.tgz"
  integrity sha512-wPYSwEBJY9GHraISXqyqtx0na0LpO3XEX7jNDhntbex7tzUS7kLnZsOlFruFJB4Hi/rhDMjXGqHewDZ68nYZVw==

playwright-core@1.63.0:
  version "1.63.0"
  resolved "https://registry.yarnpkg.com/playwright-core/-/playwright-core-1.63.0.tgz#e57665bc32846c213ac39a1e4d5bc6228e76b376"
  integrity sha512-rYCsBF/M5HjUch52bbtVONEFjv6Xu8sm8h72dNlR5bzIE1fvC/bxgspzkjSfU+MweEMmPM8KJebG6nnyxo5mCg==

playwright@1.62.1:
  version "1.62.1"
  resolved "https://registry.npmjs.org/playwright/-/playwright-1.62.1.tgz"
  integrity sha512-0M+L3LAD8/nm554LOla9Ayx0j0tmFZ0FBcoQ7F1VuVHpM/XpiC8RcDzBQB8W5+hA8L22THxELzeF+2WcUzvcLg==
  dependencies:
    playwright-core "1.62.1"
  optionalDependencies:
    fsevents "2.3.2"
